
Microsoft Visual Studio Solution File, Format Version 11.00
# Visual Studio 2010
Project("{FAE04EC0-301F-11D3-BF4B-00C04F79EFBC}") = "SamplesInAction", "SamplesInAction.csproj", "{5EB364D0-744A-4547-9A21-AC7638AA21A2}"
EndProject
Project("{2150E333-8FDC-42A3-9474-1A3956D46DE8}") = ".nuget", ".nuget", "{C305D459-8ED9-45A1-9534-BB3892D3B9C0}"
	ProjectSection(SolutionItems) = preProject
		.nuget\NuGet.Config = .nuget\NuGet.Config
		.nuget\NuGet.exe = .nuget\NuGet.exe
		.nuget\NuGet.targets = .nuget\NuGet.targets
		.nuget\packages.config = .nuget\packages.config
	EndProjectSection
EndProject
Global
	GlobalSection(SolutionConfigurationPlatforms) = preSolution
		Debug|AnyCPU = Debug|AnyCPU
		Release|AnyCPU = Release|AnyCPU
	EndGlobalSection
	GlobalSection(ProjectConfigurationPlatforms) = postSolution
		{5EB364D0-744A-4547-9A21-AC7638AA21A2}.Debug|AnyCPU.ActiveCfg = Debug|Any CPU
		{5EB364D0-744A-4547-9A21-AC7638AA21A2}.Debug|AnyCPU.Build.0 = Debug|Any CPU
		{5EB364D0-744A-4547-9A21-AC7638AA21A2}.Release|AnyCPU.ActiveCfg = Release|Any CPU
		{5EB364D0-744A-4547-9A21-AC7638AA21A2}.Release|AnyCPU.Build.0 = Release|Any CPU
	EndGlobalSection
	GlobalSection(SolutionProperties) = preSolution
		HideSolutionNode = FALSE
	EndGlobalSection
EndGlobal
