
Microsoft Visual Studio Solution File, Format Version 10.00
# Visual Studio 2008
Project("{8BC9CEB8-8B4A-11D0-8D11-00A0C91BC942}") = "testInfrastructure", "sageSerpent\testInfrastructure\testInfrastructure.vcproj", "{D75E027E-9EB6-4CC2-A94C-ED49250CDD0E}"
EndProject
Global
	GlobalSection(SolutionConfigurationPlatforms) = preSolution
		Debug|Win32 = Debug|Win32
		Release|Win32 = Release|Win32
	EndGlobalSection
	GlobalSection(ProjectConfigurationPlatforms) = postSolution
		{D75E027E-9EB6-4CC2-A94C-ED49250CDD0E}.Debug|Win32.ActiveCfg = Debug|Win32
		{D75E027E-9EB6-4CC2-A94C-ED49250CDD0E}.Debug|Win32.Build.0 = Debug|Win32
		{D75E027E-9EB6-4CC2-A94C-ED49250CDD0E}.Release|Win32.ActiveCfg = Release|Win32
		{D75E027E-9EB6-4CC2-A94C-ED49250CDD0E}.Release|Win32.Build.0 = Release|Win32
	EndGlobalSection
	GlobalSection(SolutionProperties) = preSolution
		HideSolutionNode = FALSE
	EndGlobalSection
EndGlobal
