
Microsoft Visual Studio Solution File, Format Version 10.00
# Visual Studio 2008
Project("{94D665CA-D915-4DE1-AA53-913450A1AE2D}") = "FSharpSandbox", "FSharpSandbox\FSharpSandbox.fsharpp", "{D1217803-C8DB-4FCA-8F85-5C2BC24E2084}"
EndProject
Project("{94D665CA-D915-4DE1-AA53-913450A1AE2D}") = "SageSerpent.Infrastructure", "sageSerpent\infrastructure\SageSerpent.Infrastructure.fsharpp", "{DA0AABD6-2352-4E2F-9981-D242E75E7307}"
EndProject
Project("{FAE04EC0-301F-11D3-BF4B-00C04F79EFBC}") = "SageSerpent.TestInfrastructure.Tests", "sageSerpent\testInfrastructure\tests\SageSerpent.TestInfrastructure.Tests.csproj", "{797A2442-8A16-4DB3-AD44-42DB3EAA9D48}"
	ProjectSection(ProjectDependencies) = postProject
		{92B57088-3887-40B4-8BDE-E838CC9D5AE1} = {92B57088-3887-40B4-8BDE-E838CC9D5AE1}
	EndProjectSection
EndProject
Project("{94D665CA-D915-4DE1-AA53-913450A1AE2D}") = "SageSerpent.Infrastructure.Tests", "sageSerpent\infrastructure\tests\SageSerpent.Infrastructure.Tests.fsharpp", "{29ECC055-27F6-4E60-B449-AB0CE6DA4F34}"
	ProjectSection(ProjectDependencies) = postProject
		{DA0AABD6-2352-4E2F-9981-D242E75E7307} = {DA0AABD6-2352-4E2F-9981-D242E75E7307}
	EndProjectSection
EndProject
Project("{94D665CA-D915-4DE1-AA53-913450A1AE2D}") = "SageSerpent.TestInfrastructure", "sageSerpent\testInfrastructure\SageSerpent.TestInfrastructure.fsharpp", "{92B57088-3887-40B4-8BDE-E838CC9D5AE1}"
	ProjectSection(ProjectDependencies) = postProject
		{DA0AABD6-2352-4E2F-9981-D242E75E7307} = {DA0AABD6-2352-4E2F-9981-D242E75E7307}
	EndProjectSection
EndProject
Global
	GlobalSection(SolutionConfigurationPlatforms) = preSolution
		Debug|Any CPU = Debug|Any CPU
		Debug|Mixed Platforms = Debug|Mixed Platforms
		Debug|Win32 = Debug|Win32
		Release|Any CPU = Release|Any CPU
		Release|Mixed Platforms = Release|Mixed Platforms
		Release|Win32 = Release|Win32
	EndGlobalSection
	GlobalSection(ProjectConfigurationPlatforms) = postSolution
		{D1217803-C8DB-4FCA-8F85-5C2BC24E2084}.Debug|Any CPU.ActiveCfg = Debug|Win32
		{D1217803-C8DB-4FCA-8F85-5C2BC24E2084}.Debug|Mixed Platforms.ActiveCfg = Debug|Win32
		{D1217803-C8DB-4FCA-8F85-5C2BC24E2084}.Debug|Mixed Platforms.Build.0 = Debug|Win32
		{D1217803-C8DB-4FCA-8F85-5C2BC24E2084}.Debug|Win32.ActiveCfg = Debug|Win32
		{D1217803-C8DB-4FCA-8F85-5C2BC24E2084}.Debug|Win32.Build.0 = Debug|Win32
		{D1217803-C8DB-4FCA-8F85-5C2BC24E2084}.Release|Any CPU.ActiveCfg = Release|Win32
		{D1217803-C8DB-4FCA-8F85-5C2BC24E2084}.Release|Mixed Platforms.ActiveCfg = Release|Win32
		{D1217803-C8DB-4FCA-8F85-5C2BC24E2084}.Release|Mixed Platforms.Build.0 = Release|Win32
		{D1217803-C8DB-4FCA-8F85-5C2BC24E2084}.Release|Win32.ActiveCfg = Release|Win32
		{D1217803-C8DB-4FCA-8F85-5C2BC24E2084}.Release|Win32.Build.0 = Release|Win32
		{DA0AABD6-2352-4E2F-9981-D242E75E7307}.Debug|Any CPU.ActiveCfg = Debug|Win32
		{DA0AABD6-2352-4E2F-9981-D242E75E7307}.Debug|Mixed Platforms.ActiveCfg = Debug|Win32
		{DA0AABD6-2352-4E2F-9981-D242E75E7307}.Debug|Mixed Platforms.Build.0 = Debug|Win32
		{DA0AABD6-2352-4E2F-9981-D242E75E7307}.Debug|Win32.ActiveCfg = Debug|Win32
		{DA0AABD6-2352-4E2F-9981-D242E75E7307}.Debug|Win32.Build.0 = Debug|Win32
		{DA0AABD6-2352-4E2F-9981-D242E75E7307}.Release|Any CPU.ActiveCfg = Release|Win32
		{DA0AABD6-2352-4E2F-9981-D242E75E7307}.Release|Mixed Platforms.ActiveCfg = Release|Win32
		{DA0AABD6-2352-4E2F-9981-D242E75E7307}.Release|Mixed Platforms.Build.0 = Release|Win32
		{DA0AABD6-2352-4E2F-9981-D242E75E7307}.Release|Win32.ActiveCfg = Release|Win32
		{DA0AABD6-2352-4E2F-9981-D242E75E7307}.Release|Win32.Build.0 = Release|Win32
		{797A2442-8A16-4DB3-AD44-42DB3EAA9D48}.Debug|Any CPU.ActiveCfg = Debug|Any CPU
		{797A2442-8A16-4DB3-AD44-42DB3EAA9D48}.Debug|Any CPU.Build.0 = Debug|Any CPU
		{797A2442-8A16-4DB3-AD44-42DB3EAA9D48}.Debug|Mixed Platforms.ActiveCfg = Debug|Any CPU
		{797A2442-8A16-4DB3-AD44-42DB3EAA9D48}.Debug|Mixed Platforms.Build.0 = Debug|Any CPU
		{797A2442-8A16-4DB3-AD44-42DB3EAA9D48}.Debug|Win32.ActiveCfg = Debug|Any CPU
		{797A2442-8A16-4DB3-AD44-42DB3EAA9D48}.Release|Any CPU.ActiveCfg = Release|Any CPU
		{797A2442-8A16-4DB3-AD44-42DB3EAA9D48}.Release|Any CPU.Build.0 = Release|Any CPU
		{797A2442-8A16-4DB3-AD44-42DB3EAA9D48}.Release|Mixed Platforms.ActiveCfg = Release|Any CPU
		{797A2442-8A16-4DB3-AD44-42DB3EAA9D48}.Release|Mixed Platforms.Build.0 = Release|Any CPU
		{797A2442-8A16-4DB3-AD44-42DB3EAA9D48}.Release|Win32.ActiveCfg = Release|Any CPU
		{29ECC055-27F6-4E60-B449-AB0CE6DA4F34}.Debug|Any CPU.ActiveCfg = Debug|Win32
		{29ECC055-27F6-4E60-B449-AB0CE6DA4F34}.Debug|Mixed Platforms.ActiveCfg = Debug|Win32
		{29ECC055-27F6-4E60-B449-AB0CE6DA4F34}.Debug|Mixed Platforms.Build.0 = Debug|Win32
		{29ECC055-27F6-4E60-B449-AB0CE6DA4F34}.Debug|Win32.ActiveCfg = Debug|Win32
		{29ECC055-27F6-4E60-B449-AB0CE6DA4F34}.Debug|Win32.Build.0 = Debug|Win32
		{29ECC055-27F6-4E60-B449-AB0CE6DA4F34}.Release|Any CPU.ActiveCfg = Release|Win32
		{29ECC055-27F6-4E60-B449-AB0CE6DA4F34}.Release|Mixed Platforms.ActiveCfg = Release|Win32
		{29ECC055-27F6-4E60-B449-AB0CE6DA4F34}.Release|Mixed Platforms.Build.0 = Release|Win32
		{29ECC055-27F6-4E60-B449-AB0CE6DA4F34}.Release|Win32.ActiveCfg = Release|Win32
		{29ECC055-27F6-4E60-B449-AB0CE6DA4F34}.Release|Win32.Build.0 = Release|Win32
		{92B57088-3887-40B4-8BDE-E838CC9D5AE1}.Debug|Any CPU.ActiveCfg = Debug|Win32
		{92B57088-3887-40B4-8BDE-E838CC9D5AE1}.Debug|Mixed Platforms.ActiveCfg = Debug|Win32
		{92B57088-3887-40B4-8BDE-E838CC9D5AE1}.Debug|Mixed Platforms.Build.0 = Debug|Win32
		{92B57088-3887-40B4-8BDE-E838CC9D5AE1}.Debug|Win32.ActiveCfg = Debug|Win32
		{92B57088-3887-40B4-8BDE-E838CC9D5AE1}.Debug|Win32.Build.0 = Debug|Win32
		{92B57088-3887-40B4-8BDE-E838CC9D5AE1}.Release|Any CPU.ActiveCfg = Release|Win32
		{92B57088-3887-40B4-8BDE-E838CC9D5AE1}.Release|Mixed Platforms.ActiveCfg = Release|Win32
		{92B57088-3887-40B4-8BDE-E838CC9D5AE1}.Release|Mixed Platforms.Build.0 = Release|Win32
		{92B57088-3887-40B4-8BDE-E838CC9D5AE1}.Release|Win32.ActiveCfg = Release|Win32
		{92B57088-3887-40B4-8BDE-E838CC9D5AE1}.Release|Win32.Build.0 = Release|Win32
	EndGlobalSection
	GlobalSection(SolutionProperties) = preSolution
		HideSolutionNode = FALSE
	EndGlobalSection
EndGlobal
